{
  "originHash" : "13599246de056871ea043981fdd8d71b59239e334dbce542d2f85986e4c2324c",
  "pins" : [
    {
      "identity" : "eventhorizon",
      "kind" : "remoteSourceControl",
      "location" : "https://github.com/egzonpllana/EventHorizon.git",
      "state" : {
        "branch" : "main",
        "revision" : "a81533dbe5b70265774bcc70113feb906c3f681c"
      }
    }
  ],
  "version" : 3
}
